// !$*UTF8*$!
{
	archiveVersion = 1;
	classes = {
	};
	objectVersion = 51;
	objects = {

/* Begin PBXBuildFile section */
		095E70D7EE177C7153D5A95E /* ObservableType+Debug.swift in Sources */ = {isa = PBXBuildFile; fileRef = E4E6DE329D60D28FA4BF59B6 /* ObservableType+Debug.swift */; };
		1709FDFDE514402DB66BDDD5 /* Colors.xcassets in Resources */ = {isa = PBXBuildFile; fileRef = 1EFA0D4E9C1547CED313C1B9 /* Colors.xcassets */; };
		1BE361BEA4680E01DD2456C7 /* GoogleService-Info-Debug.plist in Resources */ = {isa = PBXBuildFile; fileRef = 1A09755580EC8CE83AD2E7A9 /* GoogleService-Info-Debug.plist */; };
		218AB38EC6A1A31B1BA521C0 /* UIWindow+Extensions.swift in Sources */ = {isa = PBXBuildFile; fileRef = 3C9FD354DC101D2797F05A29 /* UIWindow+Extensions.swift */; };
		3897DFE732B4BBBA7A351DA4 /* Configs.swift in Sources */ = {isa = PBXBuildFile; fileRef = 4E27FFFACB17BAEFDA59A209 /* Configs.swift */; };
		3A73D0774D80C8F465953D06 /* Assets.swift in Sources */ = {isa = PBXBuildFile; fileRef = 10FA3A7769CFAB02FDB976AE /* Assets.swift */; };
		52D1D4BF3D81CBE63A953197 /* GoogleService-Info-Release.plist in Resources */ = {isa = PBXBuildFile; fileRef = C3DB0321F0DDC4063FC4497F /* GoogleService-Info-Release.plist */; };
		6586AFE80CE77E8F9A7235A0 /* BaseViewController.swift in Sources */ = {isa = PBXBuildFile; fileRef = 89126DF20820F55E580EC678 /* BaseViewController.swift */; };
		66D192B64EC99B01DE07C09C /* URL+Extensions.swift in Sources */ = {isa = PBXBuildFile; fileRef = 19EF4A9D39979BC526212F92 /* URL+Extensions.swift */; };
		67FAAB38C0993E1F758AEEBB /* HasActivityIndicator.swift in Sources */ = {isa = PBXBuildFile; fileRef = 73D64E0A1BBE0F2A6ED41FBD /* HasActivityIndicator.swift */; };
		6A87F1695E16C2E0347691AB /* StoryboardScenes.swift in Sources */ = {isa = PBXBuildFile; fileRef = C28497E923BC7888BD6953EA /* StoryboardScenes.swift */; };
		6DF7B92F4F134967754AF9AD /* ErrorCode.swift in Sources */ = {isa = PBXBuildFile; fileRef = D02F4E511F39265968A33B67 /* ErrorCode.swift */; };
		75530342ABF59F514BD5482B /* GoogleService-Info-Staging.plist in Resources */ = {isa = PBXBuildFile; fileRef = A1DCF11DA03242A66EE2648B /* GoogleService-Info-Staging.plist */; };
		77F4D768C0CEB399E395B84A /* Pageable.swift in Sources */ = {isa = PBXBuildFile; fileRef = DDB9C193F9F939471BB879E0 /* Pageable.swift */; };
		7AB947148C0ACBBE4BE6F631 /* Assets.xcassets in Resources */ = {isa = PBXBuildFile; fileRef = 9C31CDE5CF4595901A3380C1 /* Assets.xcassets */; };
		7AEAA3383A79A2992D24F46B /* Executor.swift in Sources */ = {isa = PBXBuildFile; fileRef = 552366E696ADD555BF1B355D /* Executor.swift */; };
		7CB9EE0C008F4CBDF76EFACB /* Logger.swift in Sources */ = {isa = PBXBuildFile; fileRef = 80FE94FF7E5567DCB33EE2D5 /* Logger.swift */; };
		85E912376EBE99E800BD635C /* ApiConnection.swift in Sources */ = {isa = PBXBuildFile; fileRef = B1EFAB22D46EF7913AD03449 /* ApiConnection.swift */; };
		864DD9177402FC7ED34C886C /* Router.swift in Sources */ = {isa = PBXBuildFile; fileRef = 4BF83E0D9AF3463140F7E089 /* Router.swift */; };
		8B63EBACCBB7D7F5BCB12304 /* AuthenticationServices.swift in Sources */ = {isa = PBXBuildFile; fileRef = 57A685189198AA0C363AEBEF /* AuthenticationServices.swift */; };
		9029FF48A058A5F8CDC02898 /* ActivityIndicator.swift in Sources */ = {isa = PBXBuildFile; fileRef = 009FCE0FC5BD1FC681EA5F3F /* ActivityIndicator.swift */; };
		91980337BCA23B526981660F /* LaunchScreen.storyboard in Resources */ = {isa = PBXBuildFile; fileRef = 7EE20D92663D75614475F37F /* LaunchScreen.storyboard */; };
		99371F457E2996F604D83F66 /* Atomic.swift in Sources */ = {isa = PBXBuildFile; fileRef = 89BA81574A8383C3681A26BB /* Atomic.swift */; };
		9B8AEEE6514A51608F19E323 /* Environment.swift in Sources */ = {isa = PBXBuildFile; fileRef = 00536020CC1A9CB01D9EA2EA /* Environment.swift */; };
		9FBFAB7B0D8268AD522820D6 /* PKHUD+Extensions.swift in Sources */ = {isa = PBXBuildFile; fileRef = 12B7E421EC7981D1B8B19FCC /* PKHUD+Extensions.swift */; };
		A4728DCD87317DD048182FAF /* AppDelegate.swift in Sources */ = {isa = PBXBuildFile; fileRef = 44702FF1D94B5777BB98F139 /* AppDelegate.swift */; };
		B25EE4229ADF610E60EE7024 /* AppHelper.swift in Sources */ = {isa = PBXBuildFile; fileRef = 5E799E18FAF8FCE503F6B2A6 /* AppHelper.swift */; };
		B3C37AE701E70C91DADAB28D /* Pods_MyApp.framework in Frameworks */ = {isa = PBXBuildFile; fileRef = E04FE0CB3C7B2779277F6952 /* Pods_MyApp.framework */; };
		BAC0DCB29FB40E433C92771B /* AppScenes.swift in Sources */ = {isa = PBXBuildFile; fileRef = 4CEDE8E00D99E9AF932BCACA /* AppScenes.swift */; };
		BB7B953326C6B78B0009A020 /* HomePresenter.swift in Sources */ = {isa = PBXBuildFile; fileRef = BB7B952D26C6B78B0009A020 /* HomePresenter.swift */; };
		BB7B953426C6B78B0009A020 /* HomeRouter.swift in Sources */ = {isa = PBXBuildFile; fileRef = BB7B952E26C6B78B0009A020 /* HomeRouter.swift */; };
		BB7B953526C6B78B0009A020 /* HomeViewController.storyboard in Resources */ = {isa = PBXBuildFile; fileRef = BB7B952F26C6B78B0009A020 /* HomeViewController.storyboard */; };
		BB7B953626C6B78B0009A020 /* HomeViewController.swift in Sources */ = {isa = PBXBuildFile; fileRef = BB7B953026C6B78B0009A020 /* HomeViewController.swift */; };
		BB7B953726C6B78B0009A020 /* HomeInteractor.swift in Sources */ = {isa = PBXBuildFile; fileRef = BB7B953126C6B78B0009A020 /* HomeInteractor.swift */; };
		BB7B953826C6B78B0009A020 /* HomeView.swift in Sources */ = {isa = PBXBuildFile; fileRef = BB7B953226C6B78B0009A020 /* HomeView.swift */; };
		BB7B953E26C6B8950009A020 /* ApiRoute.swift in Sources */ = {isa = PBXBuildFile; fileRef = BB7B953D26C6B8950009A020 /* ApiRoute.swift */; };
		BB7B954126C6B94A0009A020 /* AuthManager.swift in Sources */ = {isa = PBXBuildFile; fileRef = BB7B954026C6B94A0009A020 /* AuthManager.swift */; };
		BB7B954726C6BA6A0009A020 /* Currency.swift in Sources */ = {isa = PBXBuildFile; fileRef = BB7B954626C6BA6A0009A020 /* Currency.swift */; };
		BB7B954B26C6BBA70009A020 /* Transaction.swift in Sources */ = {isa = PBXBuildFile; fileRef = BB7B954A26C6BBA70009A020 /* Transaction.swift */; };
		BB7B954E26C6BC980009A020 /* User.swift in Sources */ = {isa = PBXBuildFile; fileRef = BB7B954D26C6BC980009A020 /* User.swift */; };
		BB7B955426C6BD960009A020 /* RMUser.swift in Sources */ = {isa = PBXBuildFile; fileRef = BB7B955326C6BD960009A020 /* RMUser.swift */; };
		BB7B957D26C6BFB20009A020 /* RMTransaction.swift in Sources */ = {isa = PBXBuildFile; fileRef = BB7B957C26C6BFB20009A020 /* RMTransaction.swift */; };
		BB7B958626C6C2530009A020 /* AddPresenter.swift in Sources */ = {isa = PBXBuildFile; fileRef = BB7B958026C6C2530009A020 /* AddPresenter.swift */; };
		BB7B958726C6C2530009A020 /* AddRouter.swift in Sources */ = {isa = PBXBuildFile; fileRef = BB7B958126C6C2530009A020 /* AddRouter.swift */; };
		BB7B958826C6C2530009A020 /* AddViewController.storyboard in Resources */ = {isa = PBXBuildFile; fileRef = BB7B958226C6C2530009A020 /* AddViewController.storyboard */; };
		BB7B958926C6C2530009A020 /* AddViewController.swift in Sources */ = {isa = PBXBuildFile; fileRef = BB7B958326C6C2530009A020 /* AddViewController.swift */; };
		BB7B958A26C6C2530009A020 /* AddInteractor.swift in Sources */ = {isa = PBXBuildFile; fileRef = BB7B958426C6C2530009A020 /* AddInteractor.swift */; };
		BB7B958B26C6C2530009A020 /* AddView.swift in Sources */ = {isa = PBXBuildFile; fileRef = BB7B958526C6C2530009A020 /* AddView.swift */; };
		BB7B95AE26C6C4B50009A020 /* DomainConvertibleType.swift in Sources */ = {isa = PBXBuildFile; fileRef = BB7B95AD26C6C4B50009A020 /* DomainConvertibleType.swift */; };
		BB7B95B326C6C4DF0009A020 /* RealmRepresentable.swift in Sources */ = {isa = PBXBuildFile; fileRef = BB7B95B226C6C4DF0009A020 /* RealmRepresentable.swift */; };
		BB7B95B626C6C7FA0009A020 /* RealmDataBase.swift in Sources */ = {isa = PBXBuildFile; fileRef = BB7B95B526C6C7FA0009A020 /* RealmDataBase.swift */; };
		C4111492A5315611F9E1CC7A /* NetworkIndicatorPlugin.swift in Sources */ = {isa = PBXBuildFile; fileRef = 90ABA0C9405BFD67829EC967 /* NetworkIndicatorPlugin.swift */; };
		C75809A5D420CBD8BCCFE62C /* Presenter.swift in Sources */ = {isa = PBXBuildFile; fileRef = 5D73C49D5AC9FB1372CF3AC6 /* Presenter.swift */; };
		C80773560BD30ACE01A69100 /* BaseView.swift in Sources */ = {isa = PBXBuildFile; fileRef = AD437A917111CCE2D79825F3 /* BaseView.swift */; };
		C8BF5FB53F75918CB7DA4A28 /* BaseTableViewViewController.swift in Sources */ = {isa = PBXBuildFile; fileRef = 019AD88A219E8167BE1F86AE /* BaseTableViewViewController.swift */; };
		C948A95980CB837A31CE16BD /* LeakDetector.swift in Sources */ = {isa = PBXBuildFile; fileRef = FB863583FF74FF34375AFA0E /* LeakDetector.swift */; };
		D5B678AC2B593C9865745BC5 /* Encodable+Extensions.swift in Sources */ = {isa = PBXBuildFile; fileRef = 283991BC24ED802EF1B83274 /* Encodable+Extensions.swift */; };
		E6AFA8B733C377189488B492 /* BaseCollectionViewViewController.swift in Sources */ = {isa = PBXBuildFile; fileRef = F6C1CE2EE855A8DFBCAAD167 /* BaseCollectionViewViewController.swift */; };
		ED9BD156ED5A79DDF9FEF9E7 /* ApiProvider.swift in Sources */ = {isa = PBXBuildFile; fileRef = B34E6D65B3652707355F3C82 /* ApiProvider.swift */; };
		F001331E80D95055163970FE /* Observable+Operators.swift in Sources */ = {isa = PBXBuildFile; fileRef = 97C6FABAEDD06AB5012FBE3E /* Observable+Operators.swift */; };
		F126F51A20AF7726BD2000B3 /* AppInject.swift in Sources */ = {isa = PBXBuildFile; fileRef = B9E70EACB06EF8E46AE9E817 /* AppInject.swift */; };
		F6E5248F5988F388F076D27B /* Reachability.swift in Sources */ = {isa = PBXBuildFile; fileRef = 1570F54FC39463CE0FD5133F /* Reachability.swift */; };
/* End PBXBuildFile section */

/* Begin PBXFileReference section */
		00536020CC1A9CB01D9EA2EA /* Environment.swift */ = {isa = PBXFileReference; lastKnownFileType = sourcecode.swift; path = Environment.swift; sourceTree = "<group>"; };
		009FCE0FC5BD1FC681EA5F3F /* ActivityIndicator.swift */ = {isa = PBXFileReference; lastKnownFileType = sourcecode.swift; path = ActivityIndicator.swift; sourceTree = "<group>"; };
		019AD88A219E8167BE1F86AE /* BaseTableViewViewController.swift */ = {isa = PBXFileReference; lastKnownFileType = sourcecode.swift; path = BaseTableViewViewController.swift; sourceTree = "<group>"; };
		05D6D8FD73BE8FDCABE40F45 /* Pods-MyApp.debug.xcconfig */ = {isa = PBXFileReference; includeInIndex = 1; lastKnownFileType = text.xcconfig; name = "Pods-MyApp.debug.xcconfig"; path = "Target Support Files/Pods-MyApp/Pods-MyApp.debug.xcconfig"; sourceTree = "<group>"; };
		0E745047D161876697E602BF /* MyApp-Bridging-Header.h */ = {isa = PBXFileReference; lastKnownFileType = sourcecode.c.h; path = "MyApp-Bridging-Header.h"; sourceTree = "<group>"; };
		10FA3A7769CFAB02FDB976AE /* Assets.swift */ = {isa = PBXFileReference; lastKnownFileType = sourcecode.swift; path = Assets.swift; sourceTree = "<group>"; };
		12B7E421EC7981D1B8B19FCC /* PKHUD+Extensions.swift */ = {isa = PBXFileReference; lastKnownFileType = sourcecode.swift; path = "PKHUD+Extensions.swift"; sourceTree = "<group>"; };
		131BB48F039B8AE0593CC37F /* Info.plist */ = {isa = PBXFileReference; lastKnownFileType = text.plist; path = Info.plist; sourceTree = "<group>"; };
		1570F54FC39463CE0FD5133F /* Reachability.swift */ = {isa = PBXFileReference; lastKnownFileType = sourcecode.swift; path = Reachability.swift; sourceTree = "<group>"; };
		16C7FDA73EAF056FFF1A81DB /* My App Debug.app */ = {isa = PBXFileReference; explicitFileType = wrapper.application; includeInIndex = 0; path = "My App Debug.app"; sourceTree = BUILT_PRODUCTS_DIR; };
		19EF4A9D39979BC526212F92 /* URL+Extensions.swift */ = {isa = PBXFileReference; lastKnownFileType = sourcecode.swift; path = "URL+Extensions.swift"; sourceTree = "<group>"; };
		1A09755580EC8CE83AD2E7A9 /* GoogleService-Info-Debug.plist */ = {isa = PBXFileReference; lastKnownFileType = text.plist; path = "GoogleService-Info-Debug.plist"; sourceTree = "<group>"; };
		1DDD8ACA8A25416CF5375AFB /* Debug.xcconfig */ = {isa = PBXFileReference; lastKnownFileType = text.xcconfig; path = Debug.xcconfig; sourceTree = "<group>"; };
		1EFA0D4E9C1547CED313C1B9 /* Colors.xcassets */ = {isa = PBXFileReference; lastKnownFileType = folder.assetcatalog; path = Colors.xcassets; sourceTree = "<group>"; };
		283991BC24ED802EF1B83274 /* Encodable+Extensions.swift */ = {isa = PBXFileReference; lastKnownFileType = sourcecode.swift; path = "Encodable+Extensions.swift"; sourceTree = "<group>"; };
		3C9FD354DC101D2797F05A29 /* UIWindow+Extensions.swift */ = {isa = PBXFileReference; lastKnownFileType = sourcecode.swift; path = "UIWindow+Extensions.swift"; sourceTree = "<group>"; };
		44702FF1D94B5777BB98F139 /* AppDelegate.swift */ = {isa = PBXFileReference; lastKnownFileType = sourcecode.swift; path = AppDelegate.swift; sourceTree = "<group>"; };
		4BF83E0D9AF3463140F7E089 /* Router.swift */ = {isa = PBXFileReference; lastKnownFileType = sourcecode.swift; path = Router.swift; sourceTree = "<group>"; };
		4CEDE8E00D99E9AF932BCACA /* AppScenes.swift */ = {isa = PBXFileReference; lastKnownFileType = sourcecode.swift; path = AppScenes.swift; sourceTree = "<group>"; };
		4E27FFFACB17BAEFDA59A209 /* Configs.swift */ = {isa = PBXFileReference; lastKnownFileType = sourcecode.swift; path = Configs.swift; sourceTree = "<group>"; };
		552366E696ADD555BF1B355D /* Executor.swift */ = {isa = PBXFileReference; lastKnownFileType = sourcecode.swift; path = Executor.swift; sourceTree = "<group>"; };
		57A685189198AA0C363AEBEF /* AuthenticationServices.swift */ = {isa = PBXFileReference; lastKnownFileType = sourcecode.swift; path = AuthenticationServices.swift; sourceTree = "<group>"; };
		5D73C49D5AC9FB1372CF3AC6 /* Presenter.swift */ = {isa = PBXFileReference; lastKnownFileType = sourcecode.swift; path = Presenter.swift; sourceTree = "<group>"; };
		5E799E18FAF8FCE503F6B2A6 /* AppHelper.swift */ = {isa = PBXFileReference; lastKnownFileType = sourcecode.swift; path = AppHelper.swift; sourceTree = "<group>"; };
		61D3003E363E95C5C7ECAFB1 /* Pods-MyApp.staging.xcconfig */ = {isa = PBXFileReference; includeInIndex = 1; lastKnownFileType = text.xcconfig; name = "Pods-MyApp.staging.xcconfig"; path = "Target Support Files/Pods-MyApp/Pods-MyApp.staging.xcconfig"; sourceTree = "<group>"; };
		73D64E0A1BBE0F2A6ED41FBD /* HasActivityIndicator.swift */ = {isa = PBXFileReference; lastKnownFileType = sourcecode.swift; path = HasActivityIndicator.swift; sourceTree = "<group>"; };
		78B23B3895B60AB0A2A3EA00 /* Release.xcconfig */ = {isa = PBXFileReference; lastKnownFileType = text.xcconfig; path = Release.xcconfig; sourceTree = "<group>"; };
		7EE20D92663D75614475F37F /* LaunchScreen.storyboard */ = {isa = PBXFileReference; lastKnownFileType = file.storyboard; path = LaunchScreen.storyboard; sourceTree = "<group>"; };
		80FE94FF7E5567DCB33EE2D5 /* Logger.swift */ = {isa = PBXFileReference; lastKnownFileType = sourcecode.swift; path = Logger.swift; sourceTree = "<group>"; };
		89126DF20820F55E580EC678 /* BaseViewController.swift */ = {isa = PBXFileReference; lastKnownFileType = sourcecode.swift; path = BaseViewController.swift; sourceTree = "<group>"; };
		89BA81574A8383C3681A26BB /* Atomic.swift */ = {isa = PBXFileReference; lastKnownFileType = sourcecode.swift; path = Atomic.swift; sourceTree = "<group>"; };
		90ABA0C9405BFD67829EC967 /* NetworkIndicatorPlugin.swift */ = {isa = PBXFileReference; lastKnownFileType = sourcecode.swift; path = NetworkIndicatorPlugin.swift; sourceTree = "<group>"; };
		97C6FABAEDD06AB5012FBE3E /* Observable+Operators.swift */ = {isa = PBXFileReference; lastKnownFileType = sourcecode.swift; path = "Observable+Operators.swift"; sourceTree = "<group>"; };
		9C31CDE5CF4595901A3380C1 /* Assets.xcassets */ = {isa = PBXFileReference; lastKnownFileType = folder.assetcatalog; path = Assets.xcassets; sourceTree = "<group>"; };
		A1DCF11DA03242A66EE2648B /* GoogleService-Info-Staging.plist */ = {isa = PBXFileReference; lastKnownFileType = text.plist; path = "GoogleService-Info-Staging.plist"; sourceTree = "<group>"; };
		AD437A917111CCE2D79825F3 /* BaseView.swift */ = {isa = PBXFileReference; lastKnownFileType = sourcecode.swift; path = BaseView.swift; sourceTree = "<group>"; };
		B1EFAB22D46EF7913AD03449 /* ApiConnection.swift */ = {isa = PBXFileReference; lastKnownFileType = sourcecode.swift; path = ApiConnection.swift; sourceTree = "<group>"; };
		B34E6D65B3652707355F3C82 /* ApiProvider.swift */ = {isa = PBXFileReference; lastKnownFileType = sourcecode.swift; path = ApiProvider.swift; sourceTree = "<group>"; };
		B38E32E3FC38DA66D0466B2B /* Staging.xcconfig */ = {isa = PBXFileReference; lastKnownFileType = text.xcconfig; path = Staging.xcconfig; sourceTree = "<group>"; };
		B9E70EACB06EF8E46AE9E817 /* AppInject.swift */ = {isa = PBXFileReference; lastKnownFileType = sourcecode.swift; path = AppInject.swift; sourceTree = "<group>"; };
		BB7B952D26C6B78B0009A020 /* HomePresenter.swift */ = {isa = PBXFileReference; lastKnownFileType = sourcecode.swift; path = HomePresenter.swift; sourceTree = "<group>"; };
		BB7B952E26C6B78B0009A020 /* HomeRouter.swift */ = {isa = PBXFileReference; lastKnownFileType = sourcecode.swift; path = HomeRouter.swift; sourceTree = "<group>"; };
		BB7B952F26C6B78B0009A020 /* HomeViewController.storyboard */ = {isa = PBXFileReference; lastKnownFileType = file.storyboard; path = HomeViewController.storyboard; sourceTree = "<group>"; };
		BB7B953026C6B78B0009A020 /* HomeViewController.swift */ = {isa = PBXFileReference; lastKnownFileType = sourcecode.swift; path = HomeViewController.swift; sourceTree = "<group>"; };
		BB7B953126C6B78B0009A020 /* HomeInteractor.swift */ = {isa = PBXFileReference; lastKnownFileType = sourcecode.swift; path = HomeInteractor.swift; sourceTree = "<group>"; };
		BB7B953226C6B78B0009A020 /* HomeView.swift */ = {isa = PBXFileReference; lastKnownFileType = sourcecode.swift; path = HomeView.swift; sourceTree = "<group>"; };
		BB7B953D26C6B8950009A020 /* ApiRoute.swift */ = {isa = PBXFileReference; fileEncoding = 4; lastKnownFileType = sourcecode.swift; path = ApiRoute.swift; sourceTree = "<group>"; };
		BB7B954026C6B94A0009A020 /* AuthManager.swift */ = {isa = PBXFileReference; fileEncoding = 4; lastKnownFileType = sourcecode.swift; path = AuthManager.swift; sourceTree = "<group>"; };
		BB7B954626C6BA6A0009A020 /* Currency.swift */ = {isa = PBXFileReference; lastKnownFileType = sourcecode.swift; path = Currency.swift; sourceTree = "<group>"; };
		BB7B954A26C6BBA70009A020 /* Transaction.swift */ = {isa = PBXFileReference; lastKnownFileType = sourcecode.swift; path = Transaction.swift; sourceTree = "<group>"; };
		BB7B954D26C6BC980009A020 /* User.swift */ = {isa = PBXFileReference; lastKnownFileType = sourcecode.swift; path = User.swift; sourceTree = "<group>"; };
		BB7B955326C6BD960009A020 /* RMUser.swift */ = {isa = PBXFileReference; lastKnownFileType = sourcecode.swift; path = RMUser.swift; sourceTree = "<group>"; };
		BB7B957C26C6BFB20009A020 /* RMTransaction.swift */ = {isa = PBXFileReference; fileEncoding = 4; lastKnownFileType = sourcecode.swift; path = RMTransaction.swift; sourceTree = "<group>"; };
		BB7B958026C6C2530009A020 /* AddPresenter.swift */ = {isa = PBXFileReference; lastKnownFileType = sourcecode.swift; path = AddPresenter.swift; sourceTree = "<group>"; };
		BB7B958126C6C2530009A020 /* AddRouter.swift */ = {isa = PBXFileReference; lastKnownFileType = sourcecode.swift; path = AddRouter.swift; sourceTree = "<group>"; };
		BB7B958226C6C2530009A020 /* AddViewController.storyboard */ = {isa = PBXFileReference; lastKnownFileType = file.storyboard; path = AddViewController.storyboard; sourceTree = "<group>"; };
		BB7B958326C6C2530009A020 /* AddViewController.swift */ = {isa = PBXFileReference; lastKnownFileType = sourcecode.swift; path = AddViewController.swift; sourceTree = "<group>"; };
		BB7B958426C6C2530009A020 /* AddInteractor.swift */ = {isa = PBXFileReference; lastKnownFileType = sourcecode.swift; path = AddInteractor.swift; sourceTree = "<group>"; };
		BB7B958526C6C2530009A020 /* AddView.swift */ = {isa = PBXFileReference; lastKnownFileType = sourcecode.swift; path = AddView.swift; sourceTree = "<group>"; };
		BB7B95AD26C6C4B50009A020 /* DomainConvertibleType.swift */ = {isa = PBXFileReference; lastKnownFileType = sourcecode.swift; path = DomainConvertibleType.swift; sourceTree = "<group>"; };
		BB7B95B226C6C4DF0009A020 /* RealmRepresentable.swift */ = {isa = PBXFileReference; lastKnownFileType = sourcecode.swift; path = RealmRepresentable.swift; sourceTree = "<group>"; };
		BB7B95B526C6C7FA0009A020 /* RealmDataBase.swift */ = {isa = PBXFileReference; lastKnownFileType = sourcecode.swift; path = RealmDataBase.swift; sourceTree = "<group>"; };
		C28497E923BC7888BD6953EA /* StoryboardScenes.swift */ = {isa = PBXFileReference; lastKnownFileType = sourcecode.swift; path = StoryboardScenes.swift; sourceTree = "<group>"; };
		C3DB0321F0DDC4063FC4497F /* GoogleService-Info-Release.plist */ = {isa = PBXFileReference; lastKnownFileType = text.plist; path = "GoogleService-Info-Release.plist"; sourceTree = "<group>"; };
		D02F4E511F39265968A33B67 /* ErrorCode.swift */ = {isa = PBXFileReference; lastKnownFileType = sourcecode.swift; path = ErrorCode.swift; sourceTree = "<group>"; };
		DDB9C193F9F939471BB879E0 /* Pageable.swift */ = {isa = PBXFileReference; lastKnownFileType = sourcecode.swift; path = Pageable.swift; sourceTree = "<group>"; };
		E04FE0CB3C7B2779277F6952 /* Pods_MyApp.framework */ = {isa = PBXFileReference; explicitFileType = wrapper.framework; includeInIndex = 0; path = Pods_MyApp.framework; sourceTree = BUILT_PRODUCTS_DIR; };
		E4E6DE329D60D28FA4BF59B6 /* ObservableType+Debug.swift */ = {isa = PBXFileReference; lastKnownFileType = sourcecode.swift; path = "ObservableType+Debug.swift"; sourceTree = "<group>"; };
		F6C1CE2EE855A8DFBCAAD167 /* BaseCollectionViewViewController.swift */ = {isa = PBXFileReference; lastKnownFileType = sourcecode.swift; path = BaseCollectionViewViewController.swift; sourceTree = "<group>"; };
		FB863583FF74FF34375AFA0E /* LeakDetector.swift */ = {isa = PBXFileReference; lastKnownFileType = sourcecode.swift; path = LeakDetector.swift; sourceTree = "<group>"; };
		FFF726B90C6AD851D5C15BF5 /* Pods-MyApp.release.xcconfig */ = {isa = PBXFileReference; includeInIndex = 1; lastKnownFileType = text.xcconfig; name = "Pods-MyApp.release.xcconfig"; path = "Target Support Files/Pods-MyApp/Pods-MyApp.release.xcconfig"; sourceTree = "<group>"; };
/* End PBXFileReference section */

/* Begin PBXFrameworksBuildPhase section */
		8390A43F03518620ACEBC05F /* Frameworks */ = {
			isa = PBXFrameworksBuildPhase;
			buildActionMask = 2147483647;
			files = (
				B3C37AE701E70C91DADAB28D /* Pods_MyApp.framework in Frameworks */,
			);
			runOnlyForDeploymentPostprocessing = 0;
		};
/* End PBXFrameworksBuildPhase section */

/* Begin PBXGroup section */
		135E4CCEAF746C67F9459E76 /* Entities */ = {
			isa = PBXGroup;
			children = (
				BB7B95B026C6C4B90009A020 /* Common */,
				BB7B954326C6B9920009A020 /* Local */,
				BB7B954626C6BA6A0009A020 /* Currency.swift */,
				BB7B954A26C6BBA70009A020 /* Transaction.swift */,
				BB7B954D26C6BC980009A020 /* User.swift */,
			);
			path = Entities;
			sourceTree = "<group>";
		};
		17199E925FB26B289566FB33 /* Resources */ = {
			isa = PBXGroup;
			children = (
				37B98AFD51DF5BFCA3B87FA3 /* Generated */,
				9C31CDE5CF4595901A3380C1 /* Assets.xcassets */,
				1EFA0D4E9C1547CED313C1B9 /* Colors.xcassets */,
				131BB48F039B8AE0593CC37F /* Info.plist */,
				7EE20D92663D75614475F37F /* LaunchScreen.storyboard */,
				0E745047D161876697E602BF /* MyApp-Bridging-Header.h */,
			);
			path = Resources;
			sourceTree = "<group>";
		};
		278FB0613B5A492292FAB75F /* Base */ = {
			isa = PBXGroup;
			children = (
				95A9F17096F923F4CF42A7BE /* VIPER */,
				F6C1CE2EE855A8DFBCAAD167 /* BaseCollectionViewViewController.swift */,
				019AD88A219E8167BE1F86AE /* BaseTableViewViewController.swift */,
				89126DF20820F55E580EC678 /* BaseViewController.swift */,
				73D64E0A1BBE0F2A6ED41FBD /* HasActivityIndicator.swift */,
				DDB9C193F9F939471BB879E0 /* Pageable.swift */,
			);
			path = Base;
			sourceTree = "<group>";
		};
		37B98AFD51DF5BFCA3B87FA3 /* Generated */ = {
			isa = PBXGroup;
			children = (
				F9719EE95BF90D234FCB6783 /* SwiftGen */,
			);
			path = Generated;
			sourceTree = "<group>";
		};
		3E800E18FF5F6560AC2D501C /* Modules */ = {
			isa = PBXGroup;
			children = (
				BB7B957F26C6C2460009A020 /* Add */,
				BB7B952B26C6B7600009A020 /* Home */,
			);
			path = Modules;
			sourceTree = "<group>";
		};
		463FE8611AE7BAB72EF27370 /* Networking */ = {
			isa = PBXGroup;
			children = (
				C3C74899D9012C0E31EF4800 /* Plugin */,
				B1EFAB22D46EF7913AD03449 /* ApiConnection.swift */,
				B34E6D65B3652707355F3C82 /* ApiProvider.swift */,
				D02F4E511F39265968A33B67 /* ErrorCode.swift */,
			);
			path = Networking;
			sourceTree = "<group>";
		};
		554950963AAA3AFF89F643BB /* Utilities */ = {
			isa = PBXGroup;
			children = (
				009FCE0FC5BD1FC681EA5F3F /* ActivityIndicator.swift */,
				5E799E18FAF8FCE503F6B2A6 /* AppHelper.swift */,
				89BA81574A8383C3681A26BB /* Atomic.swift */,
				57A685189198AA0C363AEBEF /* AuthenticationServices.swift */,
				80FE94FF7E5567DCB33EE2D5 /* Logger.swift */,
				1570F54FC39463CE0FD5133F /* Reachability.swift */,
			);
			path = Utilities;
			sourceTree = "<group>";
		};
		5E0A5DD677489CC692936075 /* GoogleServices */ = {
			isa = PBXGroup;
			children = (
				1A09755580EC8CE83AD2E7A9 /* GoogleService-Info-Debug.plist */,
				C3DB0321F0DDC4063FC4497F /* GoogleService-Info-Release.plist */,
				A1DCF11DA03242A66EE2648B /* GoogleService-Info-Staging.plist */,
			);
			path = GoogleServices;
			sourceTree = "<group>";
		};
		627C59168B505FAE29B20D32 /* Sources */ = {
			isa = PBXGroup;
			children = (
				9EE26519E00A975936DE12D6 /* Application */,
				6D22861B013E196352E80589 /* Common */,
				7B946AA3345F334D9709E5F0 /* Configs */,
				135E4CCEAF746C67F9459E76 /* Entities */,
				3E800E18FF5F6560AC2D501C /* Modules */,
				17199E925FB26B289566FB33 /* Resources */,
				F623E499D86EAC71048C5C8B /* Services */,
			);
			path = Sources;
			sourceTree = "<group>";
		};
		6D22861B013E196352E80589 /* Common */ = {
			isa = PBXGroup;
			children = (
				278FB0613B5A492292FAB75F /* Base */,
				ABFDC3D652E8A3C7DD42DA3F /* Extensions */,
				7093DBB79A8C76AAFB9FBB62 /* LeakDetector */,
				463FE8611AE7BAB72EF27370 /* Networking */,
				554950963AAA3AFF89F643BB /* Utilities */,
			);
			path = Common;
			sourceTree = "<group>";
		};
		7093DBB79A8C76AAFB9FBB62 /* LeakDetector */ = {
			isa = PBXGroup;
			children = (
				552366E696ADD555BF1B355D /* Executor.swift */,
				FB863583FF74FF34375AFA0E /* LeakDetector.swift */,
			);
			path = LeakDetector;
			sourceTree = "<group>";
		};
		72550AF94BA51D3BB484902A /* BuildConfigurations */ = {
			isa = PBXGroup;
			children = (
				1DDD8ACA8A25416CF5375AFB /* Debug.xcconfig */,
				78B23B3895B60AB0A2A3EA00 /* Release.xcconfig */,
				B38E32E3FC38DA66D0466B2B /* Staging.xcconfig */,
			);
			path = BuildConfigurations;
			sourceTree = "<group>";
		};
		7B946AA3345F334D9709E5F0 /* Configs */ = {
			isa = PBXGroup;
			children = (
				72550AF94BA51D3BB484902A /* BuildConfigurations */,
				5E0A5DD677489CC692936075 /* GoogleServices */,
				4E27FFFACB17BAEFDA59A209 /* Configs.swift */,
				00536020CC1A9CB01D9EA2EA /* Environment.swift */,
			);
			path = Configs;
			sourceTree = "<group>";
		};
		95A9F17096F923F4CF42A7BE /* VIPER */ = {
			isa = PBXGroup;
			children = (
				AD437A917111CCE2D79825F3 /* BaseView.swift */,
				5D73C49D5AC9FB1372CF3AC6 /* Presenter.swift */,
				4BF83E0D9AF3463140F7E089 /* Router.swift */,
			);
			path = VIPER;
			sourceTree = "<group>";
		};
		9EE26519E00A975936DE12D6 /* Application */ = {
			isa = PBXGroup;
			children = (
				44702FF1D94B5777BB98F139 /* AppDelegate.swift */,
				B9E70EACB06EF8E46AE9E817 /* AppInject.swift */,
				4CEDE8E00D99E9AF932BCACA /* AppScenes.swift */,
			);
			path = Application;
			sourceTree = "<group>";
		};
		A9B0BBBA1C7E6F55A0920C71 /* Pods */ = {
			isa = PBXGroup;
			children = (
				05D6D8FD73BE8FDCABE40F45 /* Pods-MyApp.debug.xcconfig */,
				FFF726B90C6AD851D5C15BF5 /* Pods-MyApp.release.xcconfig */,
				61D3003E363E95C5C7ECAFB1 /* Pods-MyApp.staging.xcconfig */,
			);
			path = Pods;
			sourceTree = "<group>";
		};
		ABFDC3D652E8A3C7DD42DA3F /* Extensions */ = {
			isa = PBXGroup;
			children = (
				283991BC24ED802EF1B83274 /* Encodable+Extensions.swift */,
				97C6FABAEDD06AB5012FBE3E /* Observable+Operators.swift */,
				E4E6DE329D60D28FA4BF59B6 /* ObservableType+Debug.swift */,
				12B7E421EC7981D1B8B19FCC /* PKHUD+Extensions.swift */,
				3C9FD354DC101D2797F05A29 /* UIWindow+Extensions.swift */,
				19EF4A9D39979BC526212F92 /* URL+Extensions.swift */,
			);
			path = Extensions;
			sourceTree = "<group>";
		};
		ADA8E9D8D1EA4688AAF589B0 = {
			isa = PBXGroup;
			children = (
				627C59168B505FAE29B20D32 /* Sources */,
				C778379A32452A5950089F80 /* Products */,
				A9B0BBBA1C7E6F55A0920C71 /* Pods */,
				B06C2C36626946BCB532AEF5 /* Frameworks */,
			);
			indentWidth = 4;
			sourceTree = "<group>";
			tabWidth = 4;
		};
		B06C2C36626946BCB532AEF5 /* Frameworks */ = {
			isa = PBXGroup;
			children = (
				E04FE0CB3C7B2779277F6952 /* Pods_MyApp.framework */,
			);
			name = Frameworks;
			sourceTree = "<group>";
		};
		BB7B952B26C6B7600009A020 /* Home */ = {
			isa = PBXGroup;
			children = (
				BB7B952D26C6B78B0009A020 /* HomePresenter.swift */,
				BB7B952E26C6B78B0009A020 /* HomeRouter.swift */,
				BB7B952F26C6B78B0009A020 /* HomeViewController.storyboard */,
				BB7B953026C6B78B0009A020 /* HomeViewController.swift */,
				BB7B953126C6B78B0009A020 /* HomeInteractor.swift */,
				BB7B953226C6B78B0009A020 /* HomeView.swift */,
			);
			path = Home;
			sourceTree = "<group>";
		};
		BB7B953C26C6B8820009A020 /* Remote */ = {
			isa = PBXGroup;
			children = (
				BB7B953D26C6B8950009A020 /* ApiRoute.swift */,
			);
			path = Remote;
			sourceTree = "<group>";
		};
		BB7B954326C6B9920009A020 /* Local */ = {
			isa = PBXGroup;
			children = (
				BB7B957C26C6BFB20009A020 /* RMTransaction.swift */,
				BB7B955326C6BD960009A020 /* RMUser.swift */,
			);
			path = Local;
			sourceTree = "<group>";
		};
		BB7B957F26C6C2460009A020 /* Add */ = {
			isa = PBXGroup;
			children = (
				BB7B958026C6C2530009A020 /* AddPresenter.swift */,
				BB7B958126C6C2530009A020 /* AddRouter.swift */,
				BB7B958226C6C2530009A020 /* AddViewController.storyboard */,
				BB7B958326C6C2530009A020 /* AddViewController.swift */,
				BB7B958426C6C2530009A020 /* AddInteractor.swift */,
				BB7B958526C6C2530009A020 /* AddView.swift */,
			);
			path = Add;
			sourceTree = "<group>";
		};
		BB7B95B026C6C4B90009A020 /* Common */ = {
			isa = PBXGroup;
			children = (
				BB7B95AD26C6C4B50009A020 /* DomainConvertibleType.swift */,
				BB7B95B226C6C4DF0009A020 /* RealmRepresentable.swift */,
			);
			path = Common;
			sourceTree = "<group>";
		};
		BF5D147A2A78BD518EC5B29E /* Local */ = {
			isa = PBXGroup;
			children = (
				BB7B954026C6B94A0009A020 /* AuthManager.swift */,
				BB7B95B526C6C7FA0009A020 /* RealmDataBase.swift */,
			);
			path = Local;
			sourceTree = "<group>";
		};
		C3C74899D9012C0E31EF4800 /* Plugin */ = {
			isa = PBXGroup;
			children = (
				90ABA0C9405BFD67829EC967 /* NetworkIndicatorPlugin.swift */,
			);
			path = Plugin;
			sourceTree = "<group>";
		};
		C778379A32452A5950089F80 /* Products */ = {
			isa = PBXGroup;
			children = (
				16C7FDA73EAF056FFF1A81DB /* My App Debug.app */,
			);
			name = Products;
			sourceTree = "<group>";
		};
		F623E499D86EAC71048C5C8B /* Services */ = {
			isa = PBXGroup;
			children = (
				BB7B953C26C6B8820009A020 /* Remote */,
				BF5D147A2A78BD518EC5B29E /* Local */,
			);
			path = Services;
			sourceTree = "<group>";
		};
		F9719EE95BF90D234FCB6783 /* SwiftGen */ = {
			isa = PBXGroup;
			children = (
				10FA3A7769CFAB02FDB976AE /* Assets.swift */,
				C28497E923BC7888BD6953EA /* StoryboardScenes.swift */,
			);
			path = SwiftGen;
			sourceTree = "<group>";
		};
/* End PBXGroup section */

/* Begin PBXNativeTarget section */
		C06F9EC15CCC7AF4A88ED9CB /* MyApp */ = {
			isa = PBXNativeTarget;
			buildConfigurationList = 1CBAB2BA2B46E606C17BAA54 /* Build configuration list for PBXNativeTarget "MyApp" */;
			buildPhases = (
				2F312C471F11C57CBA820958 /* [CP] Check Pods Manifest.lock */,
				A25AF427708F2757E2025987 /* SwiftGen */,
				FCB5E8AF00E6198941DB4CE3 /* Sources */,
				E945A5C704ED2C290D063B10 /* Swiftlint */,
				6A4004CD1C51A34D41074946 /* GoogleServiceInfo */,
				6ED9DA87CFCB0A6583C7718C /* Resources */,
				79B6215DE6D1B1FE4FE7D476 /* Crashlytics */,
				8390A43F03518620ACEBC05F /* Frameworks */,
				657D077F33FE99F5F8E64322 /* [CP] Embed Pods Frameworks */,
			);
			buildRules = (
			);
			dependencies = (
			);
			name = MyApp;
			productName = MyApp;
			productReference = 16C7FDA73EAF056FFF1A81DB /* My App Debug.app */;
			productType = "com.apple.product-type.application";
		};
/* End PBXNativeTarget section */

/* Begin PBXProject section */
		DBA9A18E93202C54D0F90996 /* Project object */ = {
			isa = PBXProject;
			attributes = {
				LastUpgradeCheck = 1200;
				TargetAttributes = {
					C06F9EC15CCC7AF4A88ED9CB = {
						ProvisioningStyle = Manual;
					};
				};
			};
			buildConfigurationList = A520676009937B0BB88B41D2 /* Build configuration list for PBXProject "My Project" */;
			compatibilityVersion = "Xcode 10.0";
			developmentRegion = en;
			hasScannedForEncodings = 0;
			knownRegions = (
				Base,
				en,
			);
			mainGroup = ADA8E9D8D1EA4688AAF589B0;
			productRefGroup = C778379A32452A5950089F80 /* Products */;
			projectDirPath = "";
			projectRoot = "";
			targets = (
				C06F9EC15CCC7AF4A88ED9CB /* MyApp */,
			);
		};
/* End PBXProject section */

/* Begin PBXResourcesBuildPhase section */
		6ED9DA87CFCB0A6583C7718C /* Resources */ = {
			isa = PBXResourcesBuildPhase;
			buildActionMask = 2147483647;
			files = (
				7AB947148C0ACBBE4BE6F631 /* Assets.xcassets in Resources */,
				1709FDFDE514402DB66BDDD5 /* Colors.xcassets in Resources */,
				BB7B953526C6B78B0009A020 /* HomeViewController.storyboard in Resources */,
				BB7B958826C6C2530009A020 /* AddViewController.storyboard in Resources */,
				1BE361BEA4680E01DD2456C7 /* GoogleService-Info-Debug.plist in Resources */,
				52D1D4BF3D81CBE63A953197 /* GoogleService-Info-Release.plist in Resources */,
				75530342ABF59F514BD5482B /* GoogleService-Info-Staging.plist in Resources */,
				91980337BCA23B526981660F /* LaunchScreen.storyboard in Resources */,
			);
			runOnlyForDeploymentPostprocessing = 0;
		};
/* End PBXResourcesBuildPhase section */

/* Begin PBXShellScriptBuildPhase section */
		2F312C471F11C57CBA820958 /* [CP] Check Pods Manifest.lock */ = {
			isa = PBXShellScriptBuildPhase;
			buildActionMask = 2147483647;
			files = (
			);
			inputFileListPaths = (
			);
			inputPaths = (
				"${PODS_PODFILE_DIR_PATH}/Podfile.lock",
				"${PODS_ROOT}/Manifest.lock",
			);
			name = "[CP] Check Pods Manifest.lock";
			outputFileListPaths = (
			);
			outputPaths = (
				"$(DERIVED_FILE_DIR)/Pods-MyApp-checkManifestLockResult.txt",
			);
			runOnlyForDeploymentPostprocessing = 0;
			shellPath = /bin/sh;
			shellScript = "diff \"${PODS_PODFILE_DIR_PATH}/Podfile.lock\" \"${PODS_ROOT}/Manifest.lock\" > /dev/null\nif [ $? != 0 ] ; then\n    # print error to STDERR\n    echo \"error: The sandbox is not in sync with the Podfile.lock. Run 'pod install' or update your CocoaPods installation.\" >&2\n    exit 1\nfi\n# This output is used by Xcode 'outputs' to avoid re-running this script phase.\necho \"SUCCESS\" > \"${SCRIPT_OUTPUT_FILE_0}\"\n";
			showEnvVarsInLog = 0;
		};
		657D077F33FE99F5F8E64322 /* [CP] Embed Pods Frameworks */ = {
			isa = PBXShellScriptBuildPhase;
			buildActionMask = 2147483647;
			files = (
			);
			inputFileListPaths = (
				"${PODS_ROOT}/Target Support Files/Pods-MyApp/Pods-MyApp-frameworks-${CONFIGURATION}-input-files.xcfilelist",
			);
			name = "[CP] Embed Pods Frameworks";
			outputFileListPaths = (
				"${PODS_ROOT}/Target Support Files/Pods-MyApp/Pods-MyApp-frameworks-${CONFIGURATION}-output-files.xcfilelist",
			);
			runOnlyForDeploymentPostprocessing = 0;
			shellPath = /bin/sh;
			shellScript = "\"${PODS_ROOT}/Target Support Files/Pods-MyApp/Pods-MyApp-frameworks.sh\"\n";
			showEnvVarsInLog = 0;
		};
		6A4004CD1C51A34D41074946 /* GoogleServiceInfo */ = {
			isa = PBXShellScriptBuildPhase;
			buildActionMask = 2147483647;
			files = (
			);
			inputFileListPaths = (
			);
			inputPaths = (
			);
			name = GoogleServiceInfo;
			outputFileListPaths = (
			);
			outputPaths = (
			);
			runOnlyForDeploymentPostprocessing = 0;
			shellPath = /bin/sh;
			shellScript = "PATH_TO_GOOGLE_PLISTS=\"${PROJECT_DIR}/Sources/Configs/GoogleServices\"\ncase \"${CONFIGURATION}\" in\n\"Debug\" )\ncp -r \"$PATH_TO_GOOGLE_PLISTS/GoogleService-Info-Debug.plist\" \"${BUILT_PRODUCTS_DIR}/${PRODUCT_NAME}.app/GoogleService-Info.plist\" ;;\n\"Staging\" )\ncp -r \"$PATH_TO_GOOGLE_PLISTS/GoogleService-Info-Staging.plist\" \"${BUILT_PRODUCTS_DIR}/${PRODUCT_NAME}.app/GoogleService-Info.plist\" ;;\n\"Release\" )\ncp -r \"$PATH_TO_GOOGLE_PLISTS/GoogleService-Info-Release.plist\" \"${BUILT_PRODUCTS_DIR}/${PRODUCT_NAME}.app/GoogleService-Info.plist\" ;;\n*)\n;;\nesac\n";
		};
		79B6215DE6D1B1FE4FE7D476 /* Crashlytics */ = {
			isa = PBXShellScriptBuildPhase;
			buildActionMask = 2147483647;
			files = (
			);
			inputFileListPaths = (
			);
			inputPaths = (
				"$(BUILT_PRODUCTS_DIR)/$(INFOPLIST_PATH)",
			);
			name = Crashlytics;
			outputFileListPaths = (
			);
			outputPaths = (
			);
			runOnlyForDeploymentPostprocessing = 0;
			shellPath = /bin/sh;
			shellScript = "${PODS_ROOT}/FirebaseCrashlytics/run\n";
		};
		A25AF427708F2757E2025987 /* SwiftGen */ = {
			isa = PBXShellScriptBuildPhase;
			buildActionMask = 2147483647;
			files = (
			);
			inputFileListPaths = (
			);
			inputPaths = (
			);
			name = SwiftGen;
			outputFileListPaths = (
			);
			outputPaths = (
			);
			runOnlyForDeploymentPostprocessing = 0;
			shellPath = /bin/sh;
			shellScript = "if [[ -f \"${PODS_ROOT}/SwiftGen/bin/swiftgen\" ]]; then\n  \"${PODS_ROOT}/SwiftGen/bin/swiftgen\"\nelse\n  echo \"warning: SwiftGen is not installed. Run 'pod install --repo-update' to install it.\"\nfi\n";
		};
		E945A5C704ED2C290D063B10 /* Swiftlint */ = {
			isa = PBXShellScriptBuildPhase;
			buildActionMask = 2147483647;
			files = (
			);
			inputFileListPaths = (
			);
			inputPaths = (
			);
			name = Swiftlint;
			outputFileListPaths = (
			);
			outputPaths = (
			);
			runOnlyForDeploymentPostprocessing = 0;
			shellPath = /bin/sh;
			shellScript = "if which swiftlint >/dev/null; then\n  swiftlint\nelse\n  echo \"warning: SwiftLint not installed, download from https://github.com/realm/SwiftLint\"\nfi\n";
		};
/* End PBXShellScriptBuildPhase section */

/* Begin PBXSourcesBuildPhase section */
		FCB5E8AF00E6198941DB4CE3 /* Sources */ = {
			isa = PBXSourcesBuildPhase;
			buildActionMask = 2147483647;
			files = (
				9029FF48A058A5F8CDC02898 /* ActivityIndicator.swift in Sources */,
				85E912376EBE99E800BD635C /* ApiConnection.swift in Sources */,
				ED9BD156ED5A79DDF9FEF9E7 /* ApiProvider.swift in Sources */,
				A4728DCD87317DD048182FAF /* AppDelegate.swift in Sources */,
				B25EE4229ADF610E60EE7024 /* AppHelper.swift in Sources */,
				BB7B955426C6BD960009A020 /* RMUser.swift in Sources */,
				F126F51A20AF7726BD2000B3 /* AppInject.swift in Sources */,
				BAC0DCB29FB40E433C92771B /* AppScenes.swift in Sources */,
				3A73D0774D80C8F465953D06 /* Assets.swift in Sources */,
				BB7B953326C6B78B0009A020 /* HomePresenter.swift in Sources */,
				99371F457E2996F604D83F66 /* Atomic.swift in Sources */,
				8B63EBACCBB7D7F5BCB12304 /* AuthenticationServices.swift in Sources */,
				E6AFA8B733C377189488B492 /* BaseCollectionViewViewController.swift in Sources */,
				BB7B954726C6BA6A0009A020 /* Currency.swift in Sources */,
				BB7B954126C6B94A0009A020 /* AuthManager.swift in Sources */,
				BB7B954B26C6BBA70009A020 /* Transaction.swift in Sources */,
				C8BF5FB53F75918CB7DA4A28 /* BaseTableViewViewController.swift in Sources */,
				C80773560BD30ACE01A69100 /* BaseView.swift in Sources */,
				BB7B953826C6B78B0009A020 /* HomeView.swift in Sources */,
				6586AFE80CE77E8F9A7235A0 /* BaseViewController.swift in Sources */,
				3897DFE732B4BBBA7A351DA4 /* Configs.swift in Sources */,
				D5B678AC2B593C9865745BC5 /* Encodable+Extensions.swift in Sources */,
				BB7B958B26C6C2530009A020 /* AddView.swift in Sources */,
				9B8AEEE6514A51608F19E323 /* Environment.swift in Sources */,
				6DF7B92F4F134967754AF9AD /* ErrorCode.swift in Sources */,
				7AEAA3383A79A2992D24F46B /* Executor.swift in Sources */,
				BB7B95AE26C6C4B50009A020 /* DomainConvertibleType.swift in Sources */,
				67FAAB38C0993E1F758AEEBB /* HasActivityIndicator.swift in Sources */,
				BB7B958926C6C2530009A020 /* AddViewController.swift in Sources */,
				C948A95980CB837A31CE16BD /* LeakDetector.swift in Sources */,
				7CB9EE0C008F4CBDF76EFACB /* Logger.swift in Sources */,
				BB7B957D26C6BFB20009A020 /* RMTransaction.swift in Sources */,
				C4111492A5315611F9E1CC7A /* NetworkIndicatorPlugin.swift in Sources */,
				BB7B953726C6B78B0009A020 /* HomeInteractor.swift in Sources */,
				F001331E80D95055163970FE /* Observable+Operators.swift in Sources */,
				BB7B953426C6B78B0009A020 /* HomeRouter.swift in Sources */,
				BB7B95B326C6C4DF0009A020 /* RealmRepresentable.swift in Sources */,
				095E70D7EE177C7153D5A95E /* ObservableType+Debug.swift in Sources */,
				9FBFAB7B0D8268AD522820D6 /* PKHUD+Extensions.swift in Sources */,
				77F4D768C0CEB399E395B84A /* Pageable.swift in Sources */,
				BB7B95B626C6C7FA0009A020 /* RealmDataBase.swift in Sources */,
				C75809A5D420CBD8BCCFE62C /* Presenter.swift in Sources */,
				F6E5248F5988F388F076D27B /* Reachability.swift in Sources */,
				BB7B953E26C6B8950009A020 /* ApiRoute.swift in Sources */,
				BB7B953626C6B78B0009A020 /* HomeViewController.swift in Sources */,
				864DD9177402FC7ED34C886C /* Router.swift in Sources */,
				6A87F1695E16C2E0347691AB /* StoryboardScenes.swift in Sources */,
				218AB38EC6A1A31B1BA521C0 /* UIWindow+Extensions.swift in Sources */,
				BB7B958A26C6C2530009A020 /* AddInteractor.swift in Sources */,
				BB7B958726C6C2530009A020 /* AddRouter.swift in Sources */,
				66D192B64EC99B01DE07C09C /* URL+Extensions.swift in Sources */,
				BB7B958626C6C2530009A020 /* AddPresenter.swift in Sources */,
				BB7B954E26C6BC980009A020 /* User.swift in Sources */,
			);
			runOnlyForDeploymentPostprocessing = 0;
		};
/* End PBXSourcesBuildPhase section */

/* Begin XCBuildConfiguration section */
		041649CDA5D460D294FFD167 /* Staging */ = {
			isa = XCBuildConfiguration;
			baseConfigurationReference = B38E32E3FC38DA66D0466B2B /* Staging.xcconfig */;
			buildSettings = {
				ASSETCATALOG_COMPILER_APPICON_NAME = AppIcon;
				CODE_SIGN_IDENTITY = "iPhone Developer";
				CODE_SIGN_STYLE = Manual;
				"EXCLUDED_ARCHS[sdk=iphonesimulator*]" = arm64;
				INFOPLIST_FILE = Sources/Resources/Info.plist;
				IPHONEOS_DEPLOYMENT_TARGET = 12.0;
				LD_RUNPATH_SEARCH_PATHS = (
					"$(inherited)",
					"@executable_path/Frameworks",
				);
				SDKROOT = iphoneos;
				SWIFT_OBJC_BRIDGING_HEADER = "Sources/Resources/MyApp-Bridging-Header.h";
				SWIFT_VERSION = 5.0;
				TARGETED_DEVICE_FAMILY = "1,2";
				UILaunchStoryboardName = LaunchScreen;
				UISupportedInterfaceOrientations = UIInterfaceOrientationPortrait;
				VALIDATE_WORKSPACE = YES;
			};
			name = Staging;
		};
		08C8B7DACB8655B1B42CCBFC /* Release */ = {
			isa = XCBuildConfiguration;
			baseConfigurationReference = 78B23B3895B60AB0A2A3EA00 /* Release.xcconfig */;
			buildSettings = {
				ALWAYS_SEARCH_USER_PATHS = NO;
				CLANG_ANALYZER_NONNULL = YES;
				CLANG_ANALYZER_NUMBER_OBJECT_CONVERSION = YES_AGGRESSIVE;
				CLANG_CXX_LANGUAGE_STANDARD = "gnu++14";
				CLANG_CXX_LIBRARY = "libc++";
				CLANG_ENABLE_MODULES = YES;
				CLANG_ENABLE_OBJC_ARC = YES;
				CLANG_ENABLE_OBJC_WEAK = YES;
				CLANG_WARN_BLOCK_CAPTURE_AUTORELEASING = YES;
				CLANG_WARN_BOOL_CONVERSION = YES;
				CLANG_WARN_COMMA = YES;
				CLANG_WARN_CONSTANT_CONVERSION = YES;
				CLANG_WARN_DEPRECATED_OBJC_IMPLEMENTATIONS = YES;
				CLANG_WARN_DIRECT_OBJC_ISA_USAGE = YES_ERROR;
				CLANG_WARN_DOCUMENTATION_COMMENTS = YES;
				CLANG_WARN_EMPTY_BODY = YES;
				CLANG_WARN_ENUM_CONVERSION = YES;
				CLANG_WARN_INFINITE_RECURSION = YES;
				CLANG_WARN_INT_CONVERSION = YES;
				CLANG_WARN_NON_LITERAL_NULL_CONVERSION = YES;
				CLANG_WARN_OBJC_IMPLICIT_RETAIN_SELF = YES;
				CLANG_WARN_OBJC_LITERAL_CONVERSION = YES;
				CLANG_WARN_OBJC_ROOT_CLASS = YES_ERROR;
				CLANG_WARN_QUOTED_INCLUDE_IN_FRAMEWORK_HEADER = YES;
				CLANG_WARN_RANGE_LOOP_ANALYSIS = YES;
				CLANG_WARN_STRICT_PROTOTYPES = YES;
				CLANG_WARN_SUSPICIOUS_MOVE = YES;
				CLANG_WARN_UNGUARDED_AVAILABILITY = YES_AGGRESSIVE;
				CLANG_WARN_UNREACHABLE_CODE = YES;
				CLANG_WARN__DUPLICATE_METHOD_MATCH = YES;
				COPY_PHASE_STRIP = NO;
				DEBUG_INFORMATION_FORMAT = "dwarf-with-dsym";
				ENABLE_NS_ASSERTIONS = NO;
				ENABLE_STRICT_OBJC_MSGSEND = YES;
				GCC_C_LANGUAGE_STANDARD = gnu11;
				GCC_NO_COMMON_BLOCKS = YES;
				GCC_WARN_64_TO_32_BIT_CONVERSION = YES;
				GCC_WARN_ABOUT_RETURN_TYPE = YES_ERROR;
				GCC_WARN_UNDECLARED_SELECTOR = YES;
				GCC_WARN_UNINITIALIZED_AUTOS = YES_AGGRESSIVE;
				GCC_WARN_UNUSED_FUNCTION = YES;
				GCC_WARN_UNUSED_VARIABLE = YES;
				MTL_ENABLE_DEBUG_INFO = NO;
				MTL_FAST_MATH = YES;
				PRODUCT_BUNDLE_IDENTIFIER = "$(PRODUCT_BUNDLE_IDENTIFIER)";
				SDKROOT = iphoneos;
				SWIFT_COMPILATION_MODE = wholemodule;
				SWIFT_OPTIMIZATION_LEVEL = "-O";
				SWIFT_VERSION = 5.0;
			};
			name = Release;
		};
		6A840220A4B594353A7C4645 /* Debug */ = {
			isa = XCBuildConfiguration;
			baseConfigurationReference = 1DDD8ACA8A25416CF5375AFB /* Debug.xcconfig */;
			buildSettings = {
				ASSETCATALOG_COMPILER_APPICON_NAME = AppIcon;
				CODE_SIGN_IDENTITY = "iPhone Developer";
				CODE_SIGN_STYLE = Manual;
				"EXCLUDED_ARCHS[sdk=iphonesimulator*]" = arm64;
				INFOPLIST_FILE = Sources/Resources/Info.plist;
				IPHONEOS_DEPLOYMENT_TARGET = 12.0;
				LD_RUNPATH_SEARCH_PATHS = (
					"$(inherited)",
					"@executable_path/Frameworks",
				);
				SDKROOT = iphoneos;
				SWIFT_OBJC_BRIDGING_HEADER = "Sources/Resources/MyApp-Bridging-Header.h";
				SWIFT_VERSION = 5.0;
				TARGETED_DEVICE_FAMILY = "1,2";
				UILaunchStoryboardName = LaunchScreen;
				UISupportedInterfaceOrientations = UIInterfaceOrientationPortrait;
				VALIDATE_WORKSPACE = YES;
			};
			name = Debug;
		};
		9D4893C54B097A581E6E6BE6 /* Debug */ = {
			isa = XCBuildConfiguration;
			baseConfigurationReference = 1DDD8ACA8A25416CF5375AFB /* Debug.xcconfig */;
			buildSettings = {
				ALWAYS_SEARCH_USER_PATHS = NO;
				CLANG_ANALYZER_NONNULL = YES;
				CLANG_ANALYZER_NUMBER_OBJECT_CONVERSION = YES_AGGRESSIVE;
				CLANG_CXX_LANGUAGE_STANDARD = "gnu++14";
				CLANG_CXX_LIBRARY = "libc++";
				CLANG_ENABLE_MODULES = YES;
				CLANG_ENABLE_OBJC_ARC = YES;
				CLANG_ENABLE_OBJC_WEAK = YES;
				CLANG_WARN_BLOCK_CAPTURE_AUTORELEASING = YES;
				CLANG_WARN_BOOL_CONVERSION = YES;
				CLANG_WARN_COMMA = YES;
				CLANG_WARN_CONSTANT_CONVERSION = YES;
				CLANG_WARN_DEPRECATED_OBJC_IMPLEMENTATIONS = YES;
				CLANG_WARN_DIRECT_OBJC_ISA_USAGE = YES_ERROR;
				CLANG_WARN_DOCUMENTATION_COMMENTS = YES;
				CLANG_WARN_EMPTY_BODY = YES;
				CLANG_WARN_ENUM_CONVERSION = YES;
				CLANG_WARN_INFINITE_RECURSION = YES;
				CLANG_WARN_INT_CONVERSION = YES;
				CLANG_WARN_NON_LITERAL_NULL_CONVERSION = YES;
				CLANG_WARN_OBJC_IMPLICIT_RETAIN_SELF = YES;
				CLANG_WARN_OBJC_LITERAL_CONVERSION = YES;
				CLANG_WARN_OBJC_ROOT_CLASS = YES_ERROR;
				CLANG_WARN_QUOTED_INCLUDE_IN_FRAMEWORK_HEADER = YES;
				CLANG_WARN_RANGE_LOOP_ANALYSIS = YES;
				CLANG_WARN_STRICT_PROTOTYPES = YES;
				CLANG_WARN_SUSPICIOUS_MOVE = YES;
				CLANG_WARN_UNGUARDED_AVAILABILITY = YES_AGGRESSIVE;
				CLANG_WARN_UNREACHABLE_CODE = YES;
				CLANG_WARN__DUPLICATE_METHOD_MATCH = YES;
				COPY_PHASE_STRIP = NO;
				DEBUG_INFORMATION_FORMAT = dwarf;
				ENABLE_STRICT_OBJC_MSGSEND = YES;
				ENABLE_TESTABILITY = YES;
				GCC_C_LANGUAGE_STANDARD = gnu11;
				GCC_DYNAMIC_NO_PIC = NO;
				GCC_NO_COMMON_BLOCKS = YES;
				GCC_OPTIMIZATION_LEVEL = 0;
				GCC_PREPROCESSOR_DEFINITIONS = (
					"$(inherited)",
					"DEBUG=1",
				);
				GCC_WARN_64_TO_32_BIT_CONVERSION = YES;
				GCC_WARN_ABOUT_RETURN_TYPE = YES_ERROR;
				GCC_WARN_UNDECLARED_SELECTOR = YES;
				GCC_WARN_UNINITIALIZED_AUTOS = YES_AGGRESSIVE;
				GCC_WARN_UNUSED_FUNCTION = YES;
				GCC_WARN_UNUSED_VARIABLE = YES;
				MTL_ENABLE_DEBUG_INFO = INCLUDE_SOURCE;
				MTL_FAST_MATH = YES;
				ONLY_ACTIVE_ARCH = YES;
				PRODUCT_BUNDLE_IDENTIFIER = "$(PRODUCT_BUNDLE_IDENTIFIER)";
				SDKROOT = iphoneos;
				SWIFT_ACTIVE_COMPILATION_CONDITIONS = DEBUG;
				SWIFT_OPTIMIZATION_LEVEL = "-Onone";
				SWIFT_VERSION = 5.0;
			};
			name = Debug;
		};
		ADB501433E31CBF271074E1E /* Release */ = {
			isa = XCBuildConfiguration;
			baseConfigurationReference = 78B23B3895B60AB0A2A3EA00 /* Release.xcconfig */;
			buildSettings = {
				ASSETCATALOG_COMPILER_APPICON_NAME = AppIcon;
				CODE_SIGN_IDENTITY = "iPhone Developer";
				CODE_SIGN_STYLE = Manual;
				"EXCLUDED_ARCHS[sdk=iphonesimulator*]" = arm64;
				INFOPLIST_FILE = Sources/Resources/Info.plist;
				IPHONEOS_DEPLOYMENT_TARGET = 12.0;
				LD_RUNPATH_SEARCH_PATHS = (
					"$(inherited)",
					"@executable_path/Frameworks",
				);
				SDKROOT = iphoneos;
				SWIFT_OBJC_BRIDGING_HEADER = "Sources/Resources/MyApp-Bridging-Header.h";
				SWIFT_VERSION = 5.0;
				TARGETED_DEVICE_FAMILY = "1,2";
				UILaunchStoryboardName = LaunchScreen;
				UISupportedInterfaceOrientations = UIInterfaceOrientationPortrait;
				VALIDATE_WORKSPACE = YES;
			};
			name = Release;
		};
		D7B78E4E3DFD2499BDFE8BA8 /* Staging */ = {
			isa = XCBuildConfiguration;
			baseConfigurationReference = B38E32E3FC38DA66D0466B2B /* Staging.xcconfig */;
			buildSettings = {
				ALWAYS_SEARCH_USER_PATHS = NO;
				CLANG_ANALYZER_NONNULL = YES;
				CLANG_ANALYZER_NUMBER_OBJECT_CONVERSION = YES_AGGRESSIVE;
				CLANG_CXX_LANGUAGE_STANDARD = "gnu++14";
				CLANG_CXX_LIBRARY = "libc++";
				CLANG_ENABLE_MODULES = YES;
				CLANG_ENABLE_OBJC_ARC = YES;
				CLANG_ENABLE_OBJC_WEAK = YES;
				CLANG_WARN_BLOCK_CAPTURE_AUTORELEASING = YES;
				CLANG_WARN_BOOL_CONVERSION = YES;
				CLANG_WARN_COMMA = YES;
				CLANG_WARN_CONSTANT_CONVERSION = YES;
				CLANG_WARN_DEPRECATED_OBJC_IMPLEMENTATIONS = YES;
				CLANG_WARN_DIRECT_OBJC_ISA_USAGE = YES_ERROR;
				CLANG_WARN_DOCUMENTATION_COMMENTS = YES;
				CLANG_WARN_EMPTY_BODY = YES;
				CLANG_WARN_ENUM_CONVERSION = YES;
				CLANG_WARN_INFINITE_RECURSION = YES;
				CLANG_WARN_INT_CONVERSION = YES;
				CLANG_WARN_NON_LITERAL_NULL_CONVERSION = YES;
				CLANG_WARN_OBJC_IMPLICIT_RETAIN_SELF = YES;
				CLANG_WARN_OBJC_LITERAL_CONVERSION = YES;
				CLANG_WARN_OBJC_ROOT_CLASS = YES_ERROR;
				CLANG_WARN_QUOTED_INCLUDE_IN_FRAMEWORK_HEADER = YES;
				CLANG_WARN_RANGE_LOOP_ANALYSIS = YES;
				CLANG_WARN_STRICT_PROTOTYPES = YES;
				CLANG_WARN_SUSPICIOUS_MOVE = YES;
				CLANG_WARN_UNGUARDED_AVAILABILITY = YES_AGGRESSIVE;
				CLANG_WARN_UNREACHABLE_CODE = YES;
				CLANG_WARN__DUPLICATE_METHOD_MATCH = YES;
				COPY_PHASE_STRIP = NO;
				DEBUG_INFORMATION_FORMAT = "dwarf-with-dsym";
				ENABLE_NS_ASSERTIONS = NO;
				ENABLE_STRICT_OBJC_MSGSEND = YES;
				GCC_C_LANGUAGE_STANDARD = gnu11;
				GCC_NO_COMMON_BLOCKS = YES;
				GCC_WARN_64_TO_32_BIT_CONVERSION = YES;
				GCC_WARN_ABOUT_RETURN_TYPE = YES_ERROR;
				GCC_WARN_UNDECLARED_SELECTOR = YES;
				GCC_WARN_UNINITIALIZED_AUTOS = YES_AGGRESSIVE;
				GCC_WARN_UNUSED_FUNCTION = YES;
				GCC_WARN_UNUSED_VARIABLE = YES;
				MTL_ENABLE_DEBUG_INFO = NO;
				MTL_FAST_MATH = YES;
				PRODUCT_BUNDLE_IDENTIFIER = "$(PRODUCT_BUNDLE_IDENTIFIER)";
				SDKROOT = iphoneos;
				SWIFT_COMPILATION_MODE = wholemodule;
				SWIFT_OPTIMIZATION_LEVEL = "-O";
				SWIFT_VERSION = 5.0;
			};
			name = Staging;
		};
/* End XCBuildConfiguration section */

/* Begin XCConfigurationList section */
		1CBAB2BA2B46E606C17BAA54 /* Build configuration list for PBXNativeTarget "MyApp" */ = {
			isa = XCConfigurationList;
			buildConfigurations = (
				6A840220A4B594353A7C4645 /* Debug */,
				ADB501433E31CBF271074E1E /* Release */,
				041649CDA5D460D294FFD167 /* Staging */,
			);
			defaultConfigurationIsVisible = 0;
			defaultConfigurationName = Debug;
		};
		A520676009937B0BB88B41D2 /* Build configuration list for PBXProject "My Project" */ = {
			isa = XCConfigurationList;
			buildConfigurations = (
				9D4893C54B097A581E6E6BE6 /* Debug */,
				08C8B7DACB8655B1B42CCBFC /* Release */,
				D7B78E4E3DFD2499BDFE8BA8 /* Staging */,
			);
			defaultConfigurationIsVisible = 0;
			defaultConfigurationName = Debug;
		};
/* End XCConfigurationList section */
	};
	rootObject = DBA9A18E93202C54D0F90996 /* Project object */;
}
